
Microsoft Visual Studio Solution File, Format Version 12.00
# Visual Studio Version 16
VisualStudioVersion = 16.0.29519.181
MinimumVisualStudioVersion = 10.0.40219.1
Project("{FAE04EC0-301F-11D3-BF4B-00C04F79EFBC}") = "pfe3", "pfe3.csproj", "{28D85690-C20B-49CD-A359-D6500D241DDA}"
EndProject
Global
	GlobalSection(SolutionConfigurationPlatforms) = preSolution
		Debug|Any CPU = Debug|Any CPU
		Release|Any CPU = Release|Any CPU
	EndGlobalSection
	GlobalSection(ProjectConfigurationPlatforms) = postSolution
		{28D85690-C20B-49CD-A359-D6500D241DDA}.Debug|Any CPU.ActiveCfg = Debug|Any CPU
		{28D85690-C20B-49CD-A359-D6500D241DDA}.Debug|Any CPU.Build.0 = Debug|Any CPU
		{28D85690-C20B-49CD-A359-D6500D241DDA}.Release|Any CPU.ActiveCfg = Release|Any CPU
		{28D85690-C20B-49CD-A359-D6500D241DDA}.Release|Any CPU.Build.0 = Release|Any CPU
	EndGlobalSection
	GlobalSection(SolutionProperties) = preSolution
		HideSolutionNode = FALSE
	EndGlobalSection
	GlobalSection(ExtensibilityGlobals) = postSolution
		SolutionGuid = {8A7868D2-B51C-4376-8160-74E1D18EAF2E}
	EndGlobalSection
EndGlobal
